
Microsoft Visual Studio Solution File, Format Version 12.00
# Visual Studio Version 17
VisualStudioVersion = 17.6.33829.357
MinimumVisualStudioVersion = 10.0.40219.1
Project("{FAE04EC0-301F-11D3-BF4B-00C04F79EFBC}") = "МНК", "МНК.csproj", "{F2E5E0DE-D285-427C-8D38-F7D693E6AE63}"
EndProject
Global
	GlobalSection(SolutionConfigurationPlatforms) = preSolution
		Debug|Any CPU = Debug|Any CPU
		Release|Any CPU = Release|Any CPU
	EndGlobalSection
	GlobalSection(ProjectConfigurationPlatforms) = postSolution
		{F2E5E0DE-D285-427C-8D38-F7D693E6AE63}.Debug|Any CPU.ActiveCfg = Debug|Any CPU
		{F2E5E0DE-D285-427C-8D38-F7D693E6AE63}.Debug|Any CPU.Build.0 = Debug|Any CPU
		{F2E5E0DE-D285-427C-8D38-F7D693E6AE63}.Release|Any CPU.ActiveCfg = Release|Any CPU
		{F2E5E0DE-D285-427C-8D38-F7D693E6AE63}.Release|Any CPU.Build.0 = Release|Any CPU
	EndGlobalSection
	GlobalSection(SolutionProperties) = preSolution
		HideSolutionNode = FALSE
	EndGlobalSection
	GlobalSection(ExtensibilityGlobals) = postSolution
		SolutionGuid = {E3EAF45D-F3EA-4A79-A153-1684156DB1F4}
	EndGlobalSection
EndGlobal
